
Microsoft Visual Studio Solution File, Format Version 12.00
# Visual Studio Version 17
VisualStudioVersion = 17.7.34202.233
MinimumVisualStudioVersion = 10.0.40219.1
Project("{9A19103F-16F7-4668-BE54-9A1E7A4F7556}") = "History of messages bot", "History of messages bot\History of messages bot.csproj", "{F957B57B-31EA-40B6-A624-EC6A5658CA3C}"
EndProject
Project("{FAE04EC0-301F-11D3-BF4B-00C04F79EFBC}") = "History of messages web", "History of messages web\History of messages web.csproj", "{8BC3B01B-C519-4388-BEEA-7DF542D86E27}"
EndProject
Global
	GlobalSection(SolutionConfigurationPlatforms) = preSolution
		Debug|Any CPU = Debug|Any CPU
		Release|Any CPU = Release|Any CPU
	EndGlobalSection
	GlobalSection(ProjectConfigurationPlatforms) = postSolution
		{F957B57B-31EA-40B6-A624-EC6A5658CA3C}.Debug|Any CPU.ActiveCfg = Debug|Any CPU
		{F957B57B-31EA-40B6-A624-EC6A5658CA3C}.Debug|Any CPU.Build.0 = Debug|Any CPU
		{F957B57B-31EA-40B6-A624-EC6A5658CA3C}.Release|Any CPU.ActiveCfg = Release|Any CPU
		{F957B57B-31EA-40B6-A624-EC6A5658CA3C}.Release|Any CPU.Build.0 = Release|Any CPU
		{8BC3B01B-C519-4388-BEEA-7DF542D86E27}.Debug|Any CPU.ActiveCfg = Debug|Any CPU
		{8BC3B01B-C519-4388-BEEA-7DF542D86E27}.Debug|Any CPU.Build.0 = Debug|Any CPU
		{8BC3B01B-C519-4388-BEEA-7DF542D86E27}.Release|Any CPU.ActiveCfg = Release|Any CPU
		{8BC3B01B-C519-4388-BEEA-7DF542D86E27}.Release|Any CPU.Build.0 = Release|Any CPU
	EndGlobalSection
	GlobalSection(SolutionProperties) = preSolution
		HideSolutionNode = FALSE
	EndGlobalSection
	GlobalSection(ExtensibilityGlobals) = postSolution
		SolutionGuid = {BC1E07CF-BA65-4932-9819-F87DCD014C57}
	EndGlobalSection
EndGlobal
